// !$*UTF8*$!
{
	archiveVersion = 1;
	classes = {
	};
	objectVersion = 50;
	objects = {

/* Begin PBXBuildFile section */
		4D30D01D2637897F0065E51A /* PuppyorKittenApp.swift in Sources */ = {isa = PBXBuildFile; fileRef = 4D30D01C2637897F0065E51A /* PuppyorKittenApp.swift */; };
		4D30D01F2637897F0065E51A /* ContentView.swift in Sources */ = {isa = PBXBuildFile; fileRef = 4D30D01E2637897F0065E51A /* ContentView.swift */; };
		4D30D021263789800065E51A /* Assets.xcassets in Resources */ = {isa = PBXBuildFile; fileRef = 4D30D020263789800065E51A /* Assets.xcassets */; };
		4D30D024263789800065E51A /* Preview Assets.xcassets in Resources */ = {isa = PBXBuildFile; fileRef = 4D30D023263789800065E51A /* Preview Assets.xcassets */; };
		4D30D02D263789B60065E51A /* ButtonLabel.swift in Sources */ = {isa = PBXBuildFile; fileRef = 4D30D02C263789B60065E51A /* ButtonLabel.swift */; };
		4D30D030263789EE0065E51A /* SheetView.swift in Sources */ = {isa = PBXBuildFile; fileRef = 4D30D02F263789EE0065E51A /* SheetView.swift */; };
/* End PBXBuildFile section */

/* Begin PBXFileReference section */
		4D30D0192637897F0065E51A /* PuppyorKitten.app */ = {isa = PBXFileReference; explicitFileType = wrapper.application; includeInIndex = 0; path = PuppyorKitten.app; sourceTree = BUILT_PRODUCTS_DIR; };
		4D30D01C2637897F0065E51A /* PuppyorKittenApp.swift */ = {isa = PBXFileReference; lastKnownFileType = sourcecode.swift; path = PuppyorKittenApp.swift; sourceTree = "<group>"; };
		4D30D01E2637897F0065E51A /* ContentView.swift */ = {isa = PBXFileReference; lastKnownFileType = sourcecode.swift; path = ContentView.swift; sourceTree = "<group>"; };
		4D30D020263789800065E51A /* Assets.xcassets */ = {isa = PBXFileReference; lastKnownFileType = folder.assetcatalog; path = Assets.xcassets; sourceTree = "<group>"; };
		4D30D023263789800065E51A /* Preview Assets.xcassets */ = {isa = PBXFileReference; lastKnownFileType = folder.assetcatalog; path = "Preview Assets.xcassets"; sourceTree = "<group>"; };
		4D30D025263789800065E51A /* Info.plist */ = {isa = PBXFileReference; lastKnownFileType = text.plist.xml; path = Info.plist; sourceTree = "<group>"; };
		4D30D02C263789B60065E51A /* ButtonLabel.swift */ = {isa = PBXFileReference; lastKnownFileType = sourcecode.swift; path = ButtonLabel.swift; sourceTree = "<group>"; };
		4D30D02F263789EE0065E51A /* SheetView.swift */ = {isa = PBXFileReference; lastKnownFileType = sourcecode.swift; path = SheetView.swift; sourceTree = "<group>"; };
/* End PBXFileReference section */

/* Begin PBXFrameworksBuildPhase section */
		4D30D0162637897F0065E51A /* Frameworks */ = {
			isa = PBXFrameworksBuildPhase;
			buildActionMask = 2147483647;
			files = (
			);
			runOnlyForDeploymentPostprocessing = 0;
		};
/* End PBXFrameworksBuildPhase section */

/* Begin PBXGroup section */
		4D30D0102637897F0065E51A = {
			isa = PBXGroup;
			children = (
				4D30D01B2637897F0065E51A /* PuppyorKitten */,
				4D30D01A2637897F0065E51A /* Products */,
			);
			sourceTree = "<group>";
		};
		4D30D01A2637897F0065E51A /* Products */ = {
			isa = PBXGroup;
			children = (
				4D30D0192637897F0065E51A /* PuppyorKitten.app */,
			);
			name = Products;
			sourceTree = "<group>";
		};
		4D30D01B2637897F0065E51A /* PuppyorKitten */ = {
			isa = PBXGroup;
			children = (
				4D30D01C2637897F0065E51A /* PuppyorKittenApp.swift */,
				4D30D01E2637897F0065E51A /* ContentView.swift */,
				4D30D02C263789B60065E51A /* ButtonLabel.swift */,
				4D30D02F263789EE0065E51A /* SheetView.swift */,
				4D30D020263789800065E51A /* Assets.xcassets */,
				4D30D025263789800065E51A /* Info.plist */,
				4D30D022263789800065E51A /* Preview Content */,
			);
			path = PuppyorKitten;
			sourceTree = "<group>";
		};
		4D30D022263789800065E51A /* Preview Content */ = {
			isa = PBXGroup;
			children = (
				4D30D023263789800065E51A /* Preview Assets.xcassets */,
			);
			path = "Preview Content";
			sourceTree = "<group>";
		};
/* End PBXGroup section */

/* Begin PBXNativeTarget section */
		4D30D0182637897F0065E51A /* PuppyorKitten */ = {
			isa = PBXNativeTarget;
			buildConfigurationList = 4D30D028263789800065E51A /* Build configuration list for PBXNativeTarget "PuppyorKitten" */;
			buildPhases = (
				4D30D0152637897F0065E51A /* Sources */,
				4D30D0162637897F0065E51A /* Frameworks */,
				4D30D0172637897F0065E51A /* Resources */,
			);
			buildRules = (
			);
			dependencies = (
			);
			name = PuppyorKitten;
			productName = PuppyorKitten;
			productReference = 4D30D0192637897F0065E51A /* PuppyorKitten.app */;
			productType = "com.apple.product-type.application";
		};
/* End PBXNativeTarget section */

/* Begin PBXProject section */
		4D30D0112637897F0065E51A /* Project object */ = {
			isa = PBXProject;
			attributes = {
				LastSwiftUpdateCheck = 1240;
				LastUpgradeCheck = 1240;
				TargetAttributes = {
					4D30D0182637897F0065E51A = {
						CreatedOnToolsVersion = 12.4;
					};
				};
			};
			buildConfigurationList = 4D30D0142637897F0065E51A /* Build configuration list for PBXProject "PuppyorKitten" */;
			compatibilityVersion = "Xcode 9.3";
			developmentRegion = en;
			hasScannedForEncodings = 0;
			knownRegions = (
				en,
				Base,
			);
			mainGroup = 4D30D0102637897F0065E51A;
			productRefGroup = 4D30D01A2637897F0065E51A /* Products */;
			projectDirPath = "";
			projectRoot = "";
			targets = (
				4D30D0182637897F0065E51A /* PuppyorKitten */,
			);
		};
/* End PBXProject section */

/* Begin PBXResourcesBuildPhase section */
		4D30D0172637897F0065E51A /* Resources */ = {
			isa = PBXResourcesBuildPhase;
			buildActionMask = 2147483647;
			files = (
				4D30D024263789800065E51A /* Preview Assets.xcassets in Resources */,
				4D30D021263789800065E51A /* Assets.xcassets in Resources */,
			);
			runOnlyForDeploymentPostprocessing = 0;
		};
/* End PBXResourcesBuildPhase section */

/* Begin PBXSourcesBuildPhase section */
		4D30D0152637897F0065E51A /* Sources */ = {
			isa = PBXSourcesBuildPhase;
			buildActionMask = 2147483647;
			files = (
				4D30D02D263789B60065E51A /* ButtonLabel.swift in Sources */,
				4D30D01F2637897F0065E51A /* ContentView.swift in Sources */,
				4D30D030263789EE0065E51A /* SheetView.swift in Sources */,
				4D30D01D2637897F0065E51A /* PuppyorKittenApp.swift in Sources */,
			);
			runOnlyForDeploymentPostprocessing = 0;
		};
/* End PBXSourcesBuildPhase section */

/* Begin XCBuildConfiguration section */
		4D30D026263789800065E51A /* Debug */ = {
			isa = XCBuildConfiguration;
			buildSettings = {
				ALWAYS_SEARCH_USER_PATHS = NO;
				CLANG_ANALYZER_NONNULL = YES;
				CLANG_ANALYZER_NUMBER_OBJECT_CONVERSION = YES_AGGRESSIVE;
				CLANG_CXX_LANGUAGE_STANDARD = "gnu++14";
				CLANG_CXX_LIBRARY = "libc++";
				CLANG_ENABLE_MODULES = YES;
				CLANG_ENABLE_OBJC_ARC = YES;
				CLANG_ENABLE_OBJC_WEAK = YES;
				CLANG_WARN_BLOCK_CAPTURE_AUTORELEASING = YES;
				CLANG_WARN_BOOL_CONVERSION = YES;
				CLANG_WARN_COMMA = YES;
				CLANG_WARN_CONSTANT_CONVERSION = YES;
				CLANG_WARN_DEPRECATED_OBJC_IMPLEMENTATIONS = YES;
				CLANG_WARN_DIRECT_OBJC_ISA_USAGE = YES_ERROR;
				CLANG_WARN_DOCUMENTATION_COMMENTS = YES;
				CLANG_WARN_EMPTY_BODY = YES;
				CLANG_WARN_ENUM_CONVERSION = YES;
				CLANG_WARN_INFINITE_RECURSION = YES;
				CLANG_WARN_INT_CONVERSION = YES;
				CLANG_WARN_NON_LITERAL_NULL_CONVERSION = YES;
				CLANG_WARN_OBJC_IMPLICIT_RETAIN_SELF = YES;
				CLANG_WARN_OBJC_LITERAL_CONVERSION = YES;
				CLANG_WARN_OBJC_ROOT_CLASS = YES_ERROR;
				CLANG_WARN_QUOTED_INCLUDE_IN_FRAMEWORK_HEADER = YES;
				CLANG_WARN_RANGE_LOOP_ANALYSIS = YES;
				CLANG_WARN_STRICT_PROTOTYPES = YES;
				CLANG_WARN_SUSPICIOUS_MOVE = YES;
				CLANG_WARN_UNGUARDED_AVAILABILITY = YES_AGGRESSIVE;
				CLANG_WARN_UNREACHABLE_CODE = YES;
				CLANG_WARN__DUPLICATE_METHOD_MATCH = YES;
				COPY_PHASE_STRIP = NO;
				DEBUG_INFORMATION_FORMAT = dwarf;
				ENABLE_STRICT_OBJC_MSGSEND = YES;
				ENABLE_TESTABILITY = YES;
				GCC_C_LANGUAGE_STANDARD = gnu11;
				GCC_DYNAMIC_NO_PIC = NO;
				GCC_NO_COMMON_BLOCKS = YES;
				GCC_OPTIMIZATION_LEVEL = 0;
				GCC_PREPROCESSOR_DEFINITIONS = (
					"DEBUG=1",
					"$(inherited)",
				);
				GCC_WARN_64_TO_32_BIT_CONVERSION = YES;
				GCC_WARN_ABOUT_RETURN_TYPE = YES_ERROR;
				GCC_WARN_UNDECLARED_SELECTOR = YES;
				GCC_WARN_UNINITIALIZED_AUTOS = YES_AGGRESSIVE;
				GCC_WARN_UNUSED_FUNCTION = YES;
				GCC_WARN_UNUSED_VARIABLE = YES;
				IPHONEOS_DEPLOYMENT_TARGET = 14.4;
				MTL_ENABLE_DEBUG_INFO = INCLUDE_SOURCE;
				MTL_FAST_MATH = YES;
				ONLY_ACTIVE_ARCH = YES;
				SDKROOT = iphoneos;
				SWIFT_ACTIVE_COMPILATION_CONDITIONS = DEBUG;
				SWIFT_OPTIMIZATION_LEVEL = "-Onone";
			};
			name = Debug;
		};
		4D30D027263789800065E51A /* Release */ = {
			isa = XCBuildConfiguration;
			buildSettings = {
				ALWAYS_SEARCH_USER_PATHS = NO;
				CLANG_ANALYZER_NONNULL = YES;
				CLANG_ANALYZER_NUMBER_OBJECT_CONVERSION = YES_AGGRESSIVE;
				CLANG_CXX_LANGUAGE_STANDARD = "gnu++14";
				CLANG_CXX_LIBRARY = "libc++";
				CLANG_ENABLE_MODULES = YES;
				CLANG_ENABLE_OBJC_ARC = YES;
				CLANG_ENABLE_OBJC_WEAK = YES;
				CLANG_WARN_BLOCK_CAPTURE_AUTORELEASING = YES;
				CLANG_WARN_BOOL_CONVERSION = YES;
				CLANG_WARN_COMMA = YES;
				CLANG_WARN_CONSTANT_CONVERSION = YES;
				CLANG_WARN_DEPRECATED_OBJC_IMPLEMENTATIONS = YES;
				CLANG_WARN_DIRECT_OBJC_ISA_USAGE = YES_ERROR;
				CLANG_WARN_DOCUMENTATION_COMMENTS = YES;
				CLANG_WARN_EMPTY_BODY = YES;
				CLANG_WARN_ENUM_CONVERSION = YES;
				CLANG_WARN_INFINITE_RECURSION = YES;
				CLANG_WARN_INT_CONVERSION = YES;
				CLANG_WARN_NON_LITERAL_NULL_CONVERSION = YES;
				CLANG_WARN_OBJC_IMPLICIT_RETAIN_SELF = YES;
				CLANG_WARN_OBJC_LITERAL_CONVERSION = YES;
				CLANG_WARN_OBJC_ROOT_CLASS = YES_ERROR;
				CLANG_WARN_QUOTED_INCLUDE_IN_FRAMEWORK_HEADER = YES;
				CLANG_WARN_RANGE_LOOP_ANALYSIS = YES;
				CLANG_WARN_STRICT_PROTOTYPES = YES;
				CLANG_WARN_SUSPICIOUS_MOVE = YES;
				CLANG_WARN_UNGUARDED_AVAILABILITY = YES_AGGRESSIVE;
				CLANG_WARN_UNREACHABLE_CODE = YES;
				CLANG_WARN__DUPLICATE_METHOD_MATCH = YES;
				COPY_PHASE_STRIP = NO;
				DEBUG_INFORMATION_FORMAT = "dwarf-with-dsym";
				ENABLE_NS_ASSERTIONS = NO;
				ENABLE_STRICT_OBJC_MSGSEND = YES;
				GCC_C_LANGUAGE_STANDARD = gnu11;
				GCC_NO_COMMON_BLOCKS = YES;
				GCC_WARN_64_TO_32_BIT_CONVERSION = YES;
				GCC_WARN_ABOUT_RETURN_TYPE = YES_ERROR;
				GCC_WARN_UNDECLARED_SELECTOR = YES;
				GCC_WARN_UNINITIALIZED_AUTOS = YES_AGGRESSIVE;
				GCC_WARN_UNUSED_FUNCTION = YES;
				GCC_WARN_UNUSED_VARIABLE = YES;
				IPHONEOS_DEPLOYMENT_TARGET = 14.4;
				MTL_ENABLE_DEBUG_INFO = NO;
				MTL_FAST_MATH = YES;
				SDKROOT = iphoneos;
				SWIFT_COMPILATION_MODE = wholemodule;
				SWIFT_OPTIMIZATION_LEVEL = "-O";
				VALIDATE_PRODUCT = YES;
			};
			name = Release;
		};
		4D30D029263789800065E51A /* Debug */ = {
			isa = XCBuildConfiguration;
			buildSettings = {
				ASSETCATALOG_COMPILER_APPICON_NAME = AppIcon;
				ASSETCATALOG_COMPILER_GLOBAL_ACCENT_COLOR_NAME = AccentColor;
				CODE_SIGN_STYLE = Automatic;
				DEVELOPMENT_ASSET_PATHS = "\"PuppyorKitten/Preview Content\"";
				DEVELOPMENT_TEAM = 5776XPRYA3;
				ENABLE_PREVIEWS = YES;
				INFOPLIST_FILE = PuppyorKitten/Info.plist;
				IPHONEOS_DEPLOYMENT_TARGET = 14.0;
				LD_RUNPATH_SEARCH_PATHS = (
					"$(inherited)",
					"@executable_path/Frameworks",
				);
				PRODUCT_BUNDLE_IDENTIFIER = ken24ny.PuppyorKitten;
				PRODUCT_NAME = "$(TARGET_NAME)";
				SWIFT_VERSION = 5.0;
				TARGETED_DEVICE_FAMILY = "1,2";
			};
			name = Debug;
		};
		4D30D02A263789800065E51A /* Release */ = {
			isa = XCBuildConfiguration;
			buildSettings = {
				ASSETCATALOG_COMPILER_APPICON_NAME = AppIcon;
				ASSETCATALOG_COMPILER_GLOBAL_ACCENT_COLOR_NAME = AccentColor;
				CODE_SIGN_STYLE = Automatic;
				DEVELOPMENT_ASSET_PATHS = "\"PuppyorKitten/Preview Content\"";
				DEVELOPMENT_TEAM = 5776XPRYA3;
				ENABLE_PREVIEWS = YES;
				INFOPLIST_FILE = PuppyorKitten/Info.plist;
				IPHONEOS_DEPLOYMENT_TARGET = 14.0;
				LD_RUNPATH_SEARCH_PATHS = (
					"$(inherited)",
					"@executable_path/Frameworks",
				);
				PRODUCT_BUNDLE_IDENTIFIER = ken24ny.PuppyorKitten;
				PRODUCT_NAME = "$(TARGET_NAME)";
				SWIFT_VERSION = 5.0;
				TARGETED_DEVICE_FAMILY = "1,2";
			};
			name = Release;
		};
/* End XCBuildConfiguration section */

/* Begin XCConfigurationList section */
		4D30D0142637897F0065E51A /* Build configuration list for PBXProject "PuppyorKitten" */ = {
			isa = XCConfigurationList;
			buildConfigurations = (
				4D30D026263789800065E51A /* Debug */,
				4D30D027263789800065E51A /* Release */,
			);
			defaultConfigurationIsVisible = 0;
			defaultConfigurationName = Release;
		};
		4D30D028263789800065E51A /* Build configuration list for PBXNativeTarget "PuppyorKitten" */ = {
			isa = XCConfigurationList;
			buildConfigurations = (
				4D30D029263789800065E51A /* Debug */,
				4D30D02A263789800065E51A /* Release */,
			);
			defaultConfigurationIsVisible = 0;
			defaultConfigurationName = Release;
		};
/* End XCConfigurationList section */
	};
	rootObject = 4D30D0112637897F0065E51A /* Project object */;
}
